
Microsoft Visual Studio Solution File, Format Version 12.00
# Visual Studio 15
VisualStudioVersion = 15.0.26730.16
MinimumVisualStudioVersion = 10.0.40219.1
Project("{FAE04EC0-301F-11D3-BF4B-00C04F79EFBC}") = "Compiler", "Compiler\Compiler.csproj", "{DE688B66-733D-4468-85BB-A2E7A6680FC6}"
EndProject
Project("{FAE04EC0-301F-11D3-BF4B-00C04F79EFBC}") = "Lexical", "Lexical\Lexical.csproj", "{5CFF6EDF-414A-4B64-AE8E-7AA8C7373827}"
EndProject
Global
	GlobalSection(SolutionConfigurationPlatforms) = preSolution
		Debug|Any CPU = Debug|Any CPU
		Release|Any CPU = Release|Any CPU
	EndGlobalSection
	GlobalSection(ProjectConfigurationPlatforms) = postSolution
		{DE688B66-733D-4468-85BB-A2E7A6680FC6}.Debug|Any CPU.ActiveCfg = Debug|Any CPU
		{DE688B66-733D-4468-85BB-A2E7A6680FC6}.Debug|Any CPU.Build.0 = Debug|Any CPU
		{DE688B66-733D-4468-85BB-A2E7A6680FC6}.Release|Any CPU.ActiveCfg = Release|Any CPU
		{DE688B66-733D-4468-85BB-A2E7A6680FC6}.Release|Any CPU.Build.0 = Release|Any CPU
		{5CFF6EDF-414A-4B64-AE8E-7AA8C7373827}.Debug|Any CPU.ActiveCfg = Debug|Any CPU
		{5CFF6EDF-414A-4B64-AE8E-7AA8C7373827}.Debug|Any CPU.Build.0 = Debug|Any CPU
		{5CFF6EDF-414A-4B64-AE8E-7AA8C7373827}.Release|Any CPU.ActiveCfg = Release|Any CPU
		{5CFF6EDF-414A-4B64-AE8E-7AA8C7373827}.Release|Any CPU.Build.0 = Release|Any CPU
	EndGlobalSection
	GlobalSection(SolutionProperties) = preSolution
		HideSolutionNode = FALSE
	EndGlobalSection
	GlobalSection(ExtensibilityGlobals) = postSolution
		SolutionGuid = {ADDD79F6-EB45-47BC-B74A-90150CC74E7D}
	EndGlobalSection
EndGlobal
